
Microsoft Visual Studio Solution File, Format Version 12.00
# Visual Studio 15
VisualStudioVersion = 15.0.26124.0
MinimumVisualStudioVersion = 15.0.26124.0
Project("{FAE04EC0-301F-11D3-BF4B-00C04F79EFBC}") = "Todo.Domain", "Todo.Domain\Todo.Domain.csproj", "{A1E41234-F828-4F8F-8C1A-708DA124F665}"
EndProject
Project("{FAE04EC0-301F-11D3-BF4B-00C04F79EFBC}") = "Todo.Domain.Api", "Todo.Domain.Api\Todo.Domain.Api.csproj", "{5C661433-510A-42C3-A65E-F5422C0C6371}"
EndProject
Project("{FAE04EC0-301F-11D3-BF4B-00C04F79EFBC}") = "Todo.Domain.Infra", "Todo.Domain.Infra\Todo.Domain.Infra.csproj", "{1E688C97-3E82-46CF-AFDF-8401561D85BD}"
EndProject
Project("{FAE04EC0-301F-11D3-BF4B-00C04F79EFBC}") = "Todo.Domain.Tests", "Todo.Domain.Tests\Todo.Domain.Tests.csproj", "{8FFD58AD-2EED-4D13-BF6B-BB16912E4AEE}"
EndProject
Global
	GlobalSection(SolutionConfigurationPlatforms) = preSolution
		Debug|Any CPU = Debug|Any CPU
		Debug|x64 = Debug|x64
		Debug|x86 = Debug|x86
		Release|Any CPU = Release|Any CPU
		Release|x64 = Release|x64
		Release|x86 = Release|x86
	EndGlobalSection
	GlobalSection(SolutionProperties) = preSolution
		HideSolutionNode = FALSE
	EndGlobalSection
	GlobalSection(ProjectConfigurationPlatforms) = postSolution
		{A1E41234-F828-4F8F-8C1A-708DA124F665}.Debug|Any CPU.ActiveCfg = Debug|Any CPU
		{A1E41234-F828-4F8F-8C1A-708DA124F665}.Debug|Any CPU.Build.0 = Debug|Any CPU
		{A1E41234-F828-4F8F-8C1A-708DA124F665}.Debug|x64.ActiveCfg = Debug|Any CPU
		{A1E41234-F828-4F8F-8C1A-708DA124F665}.Debug|x64.Build.0 = Debug|Any CPU
		{A1E41234-F828-4F8F-8C1A-708DA124F665}.Debug|x86.ActiveCfg = Debug|Any CPU
		{A1E41234-F828-4F8F-8C1A-708DA124F665}.Debug|x86.Build.0 = Debug|Any CPU
		{A1E41234-F828-4F8F-8C1A-708DA124F665}.Release|Any CPU.ActiveCfg = Release|Any CPU
		{A1E41234-F828-4F8F-8C1A-708DA124F665}.Release|Any CPU.Build.0 = Release|Any CPU
		{A1E41234-F828-4F8F-8C1A-708DA124F665}.Release|x64.ActiveCfg = Release|Any CPU
		{A1E41234-F828-4F8F-8C1A-708DA124F665}.Release|x64.Build.0 = Release|Any CPU
		{A1E41234-F828-4F8F-8C1A-708DA124F665}.Release|x86.ActiveCfg = Release|Any CPU
		{A1E41234-F828-4F8F-8C1A-708DA124F665}.Release|x86.Build.0 = Release|Any CPU
		{5C661433-510A-42C3-A65E-F5422C0C6371}.Debug|Any CPU.ActiveCfg = Debug|Any CPU
		{5C661433-510A-42C3-A65E-F5422C0C6371}.Debug|Any CPU.Build.0 = Debug|Any CPU
		{5C661433-510A-42C3-A65E-F5422C0C6371}.Debug|x64.ActiveCfg = Debug|Any CPU
		{5C661433-510A-42C3-A65E-F5422C0C6371}.Debug|x64.Build.0 = Debug|Any CPU
		{5C661433-510A-42C3-A65E-F5422C0C6371}.Debug|x86.ActiveCfg = Debug|Any CPU
		{5C661433-510A-42C3-A65E-F5422C0C6371}.Debug|x86.Build.0 = Debug|Any CPU
		{5C661433-510A-42C3-A65E-F5422C0C6371}.Release|Any CPU.ActiveCfg = Release|Any CPU
		{5C661433-510A-42C3-A65E-F5422C0C6371}.Release|Any CPU.Build.0 = Release|Any CPU
		{5C661433-510A-42C3-A65E-F5422C0C6371}.Release|x64.ActiveCfg = Release|Any CPU
		{5C661433-510A-42C3-A65E-F5422C0C6371}.Release|x64.Build.0 = Release|Any CPU
		{5C661433-510A-42C3-A65E-F5422C0C6371}.Release|x86.ActiveCfg = Release|Any CPU
		{5C661433-510A-42C3-A65E-F5422C0C6371}.Release|x86.Build.0 = Release|Any CPU
		{1E688C97-3E82-46CF-AFDF-8401561D85BD}.Debug|Any CPU.ActiveCfg = Debug|Any CPU
		{1E688C97-3E82-46CF-AFDF-8401561D85BD}.Debug|Any CPU.Build.0 = Debug|Any CPU
		{1E688C97-3E82-46CF-AFDF-8401561D85BD}.Debug|x64.ActiveCfg = Debug|Any CPU
		{1E688C97-3E82-46CF-AFDF-8401561D85BD}.Debug|x64.Build.0 = Debug|Any CPU
		{1E688C97-3E82-46CF-AFDF-8401561D85BD}.Debug|x86.ActiveCfg = Debug|Any CPU
		{1E688C97-3E82-46CF-AFDF-8401561D85BD}.Debug|x86.Build.0 = Debug|Any CPU
		{1E688C97-3E82-46CF-AFDF-8401561D85BD}.Release|Any CPU.ActiveCfg = Release|Any CPU
		{1E688C97-3E82-46CF-AFDF-8401561D85BD}.Release|Any CPU.Build.0 = Release|Any CPU
		{1E688C97-3E82-46CF-AFDF-8401561D85BD}.Release|x64.ActiveCfg = Release|Any CPU
		{1E688C97-3E82-46CF-AFDF-8401561D85BD}.Release|x64.Build.0 = Release|Any CPU
		{1E688C97-3E82-46CF-AFDF-8401561D85BD}.Release|x86.ActiveCfg = Release|Any CPU
		{1E688C97-3E82-46CF-AFDF-8401561D85BD}.Release|x86.Build.0 = Release|Any CPU
		{8FFD58AD-2EED-4D13-BF6B-BB16912E4AEE}.Debug|Any CPU.ActiveCfg = Debug|Any CPU
		{8FFD58AD-2EED-4D13-BF6B-BB16912E4AEE}.Debug|Any CPU.Build.0 = Debug|Any CPU
		{8FFD58AD-2EED-4D13-BF6B-BB16912E4AEE}.Debug|x64.ActiveCfg = Debug|Any CPU
		{8FFD58AD-2EED-4D13-BF6B-BB16912E4AEE}.Debug|x64.Build.0 = Debug|Any CPU
		{8FFD58AD-2EED-4D13-BF6B-BB16912E4AEE}.Debug|x86.ActiveCfg = Debug|Any CPU
		{8FFD58AD-2EED-4D13-BF6B-BB16912E4AEE}.Debug|x86.Build.0 = Debug|Any CPU
		{8FFD58AD-2EED-4D13-BF6B-BB16912E4AEE}.Release|Any CPU.ActiveCfg = Release|Any CPU
		{8FFD58AD-2EED-4D13-BF6B-BB16912E4AEE}.Release|Any CPU.Build.0 = Release|Any CPU
		{8FFD58AD-2EED-4D13-BF6B-BB16912E4AEE}.Release|x64.ActiveCfg = Release|Any CPU
		{8FFD58AD-2EED-4D13-BF6B-BB16912E4AEE}.Release|x64.Build.0 = Release|Any CPU
		{8FFD58AD-2EED-4D13-BF6B-BB16912E4AEE}.Release|x86.ActiveCfg = Release|Any CPU
		{8FFD58AD-2EED-4D13-BF6B-BB16912E4AEE}.Release|x86.Build.0 = Release|Any CPU
	EndGlobalSection
EndGlobal
